
Microsoft Visual Studio Solution File, Format Version 12.00
# Visual Studio Version 16
VisualStudioVersion = 16.0.30804.86
MinimumVisualStudioVersion = 10.0.40219.1
Project("{FAE04EC0-301F-11D3-BF4B-00C04F79EFBC}") = "PracticeLinq", "PracticeLinq\PracticeLinq.csproj", "{EC9C7BDC-31AC-4FC6-8D5A-357FCC5233E0}"
EndProject
Global
	GlobalSection(SolutionConfigurationPlatforms) = preSolution
		Debug|Any CPU = Debug|Any CPU
		Release|Any CPU = Release|Any CPU
	EndGlobalSection
	GlobalSection(ProjectConfigurationPlatforms) = postSolution
		{EC9C7BDC-31AC-4FC6-8D5A-357FCC5233E0}.Debug|Any CPU.ActiveCfg = Debug|Any CPU
		{EC9C7BDC-31AC-4FC6-8D5A-357FCC5233E0}.Debug|Any CPU.Build.0 = Debug|Any CPU
		{EC9C7BDC-31AC-4FC6-8D5A-357FCC5233E0}.Release|Any CPU.ActiveCfg = Release|Any CPU
		{EC9C7BDC-31AC-4FC6-8D5A-357FCC5233E0}.Release|Any CPU.Build.0 = Release|Any CPU
	EndGlobalSection
	GlobalSection(SolutionProperties) = preSolution
		HideSolutionNode = FALSE
	EndGlobalSection
	GlobalSection(ExtensibilityGlobals) = postSolution
		SolutionGuid = {AF365EDB-61CD-46A7-A471-A3CA9DF26092}
	EndGlobalSection
EndGlobal
